
Microsoft Visual Studio Solution File, Format Version 12.00
# Visual Studio Version 16
VisualStudioVersion = 16.0.30621.155
MinimumVisualStudioVersion = 10.0.40219.1
Project("{FAE04EC0-301F-11D3-BF4B-00C04F79EFBC}") = "PartA", "..\PartA\PartA.csproj", "{02227103-5333-4C01-90BF-E6E86FD53DA1}"
EndProject
Project("{FAE04EC0-301F-11D3-BF4B-00C04F79EFBC}") = "PartB", "..\PartB\PartB.csproj", "{DF38ECB0-9BD1-4BD5-8EB0-99836508DEA2}"
EndProject
Project("{FAE04EC0-301F-11D3-BF4B-00C04F79EFBC}") = "CSC120Gates", "CSC120Gates\CSC120Gates.csproj", "{DA5FE366-63D4-4028-9390-92E5A7739D60}"
EndProject
Global
	GlobalSection(SolutionConfigurationPlatforms) = preSolution
		Debug|Any CPU = Debug|Any CPU
		Release|Any CPU = Release|Any CPU
	EndGlobalSection
	GlobalSection(ProjectConfigurationPlatforms) = postSolution
		{02227103-5333-4C01-90BF-E6E86FD53DA1}.Debug|Any CPU.ActiveCfg = Debug|Any CPU
		{02227103-5333-4C01-90BF-E6E86FD53DA1}.Debug|Any CPU.Build.0 = Debug|Any CPU
		{02227103-5333-4C01-90BF-E6E86FD53DA1}.Release|Any CPU.ActiveCfg = Release|Any CPU
		{02227103-5333-4C01-90BF-E6E86FD53DA1}.Release|Any CPU.Build.0 = Release|Any CPU
		{DF38ECB0-9BD1-4BD5-8EB0-99836508DEA2}.Debug|Any CPU.ActiveCfg = Debug|Any CPU
		{DF38ECB0-9BD1-4BD5-8EB0-99836508DEA2}.Debug|Any CPU.Build.0 = Debug|Any CPU
		{DF38ECB0-9BD1-4BD5-8EB0-99836508DEA2}.Release|Any CPU.ActiveCfg = Release|Any CPU
		{DF38ECB0-9BD1-4BD5-8EB0-99836508DEA2}.Release|Any CPU.Build.0 = Release|Any CPU
		{DA5FE366-63D4-4028-9390-92E5A7739D60}.Debug|Any CPU.ActiveCfg = Debug|Any CPU
		{DA5FE366-63D4-4028-9390-92E5A7739D60}.Debug|Any CPU.Build.0 = Debug|Any CPU
		{DA5FE366-63D4-4028-9390-92E5A7739D60}.Release|Any CPU.ActiveCfg = Release|Any CPU
		{DA5FE366-63D4-4028-9390-92E5A7739D60}.Release|Any CPU.Build.0 = Release|Any CPU
	EndGlobalSection
	GlobalSection(SolutionProperties) = preSolution
		HideSolutionNode = FALSE
	EndGlobalSection
	GlobalSection(ExtensibilityGlobals) = postSolution
		SolutionGuid = {52DF35F3-8FF6-40C6-934F-F3FBD825145D}
	EndGlobalSection
EndGlobal
