
Microsoft Visual Studio Solution File, Format Version 12.00
# Visual Studio Version 16
VisualStudioVersion = 16.0.30621.155
MinimumVisualStudioVersion = 10.0.40219.1
Project("{FAE04EC0-301F-11D3-BF4B-00C04F79EFBC}") = "TestGame", "TestGame.csproj", "{A6F76E49-913F-48DC-8E47-43E5D2081C43}"
EndProject
Global
	GlobalSection(SolutionConfigurationPlatforms) = preSolution
		Debug|Any CPU = Debug|Any CPU
		Release|Any CPU = Release|Any CPU
	EndGlobalSection
	GlobalSection(ProjectConfigurationPlatforms) = postSolution
		{A6F76E49-913F-48DC-8E47-43E5D2081C43}.Debug|Any CPU.ActiveCfg = Debug|Any CPU
		{A6F76E49-913F-48DC-8E47-43E5D2081C43}.Debug|Any CPU.Build.0 = Debug|Any CPU
		{A6F76E49-913F-48DC-8E47-43E5D2081C43}.Release|Any CPU.ActiveCfg = Release|Any CPU
		{A6F76E49-913F-48DC-8E47-43E5D2081C43}.Release|Any CPU.Build.0 = Release|Any CPU
	EndGlobalSection
	GlobalSection(SolutionProperties) = preSolution
		HideSolutionNode = FALSE
	EndGlobalSection
	GlobalSection(ExtensibilityGlobals) = postSolution
		SolutionGuid = {CF9DD5FC-368D-4804-B594-840F2135B7CE}
	EndGlobalSection
EndGlobal
